version: 2.0
shards:
  db:
    git: https://github.com/crystal-lang/crystal-db.git
    version: 0.11.0

  granite:
    git: https://github.com/amberframework/granite.git
    version: 0.23.3

  micrate:
    git: https://github.com/amberframework/micrate.git
    version: 0.15.1

  mysql:
    git: https://github.com/crystal-lang/crystal-mysql.git
    version: 0.14.0

  pg:
    git: https://github.com/will/crystal-pg.git
    version: 0.26.0

  radix:
    git: https://github.com/luislavena/radix.git
    version: 0.4.1

  sqlite3:
    git: https://github.com/crystal-lang/crystal-sqlite3.git
    version: 0.19.0

  takarik:
    git: https://github.com/takarik/takarik.git
    version: 0.1.0+git.commit.a88227949b654250d510d08f842a04c5d2a9ac60

